
Microsoft Visual Studio Solution File, Format Version 12.00
# Visual Studio Version 17
VisualStudioVersion = 17.5.002.0
MinimumVisualStudioVersion = 10.0.40219.1
Project("{2150E333-8FDC-42A3-9474-1A3956D46DE8}") = "sandbox", "sandbox", "{4252EB8F-193D-4656-9A1C-4F26E9F370FE}"
EndProject
Project("{9A19103F-16F7-4668-BE54-9A1E7A4F7556}") = "sandbox_project", "sandbox\sandbox_project\sandbox_project.csproj", "{C0572A86-18CE-464B-8087-5FA92A5B9AD8}"
EndProject
Project("{2150E333-8FDC-42A3-9474-1A3956D46DE8}") = "week01", "week01", "{AF685A06-687D-4530-AED6-8AC892D3305B}"
EndProject
Project("{9A19103F-16F7-4668-BE54-9A1E7A4F7556}") = "analyze", "week01\analyze\analyze.csproj", "{30F20E2C-2C01-48FC-BFB4-F456356DA5C0}"
EndProject
Project("{9A19103F-16F7-4668-BE54-9A1E7A4F7556}") = "code", "week01\code\code.csproj", "{69FF29CC-4804-44AB-AA71-2D7597FF8BC4}"
EndProject
Project("{9A19103F-16F7-4668-BE54-9A1E7A4F7556}") = "teach", "week01\teach\teach.csproj", "{22F5C81E-87D0-470E-8201-605AC6E526A8}"
EndProject
Project("{2150E333-8FDC-42A3-9474-1A3956D46DE8}") = "week02", "week02", "{1F33289B-77E7-4EBF-BCC2-849BCEF1AE12}"
EndProject
Project("{9A19103F-16F7-4668-BE54-9A1E7A4F7556}") = "analyze", "week02\analyze\analyze.csproj", "{5E35DE19-0CB2-4473-AEB2-2247B65B2B8E}"
EndProject
Project("{9A19103F-16F7-4668-BE54-9A1E7A4F7556}") = "code", "week02\code\code.csproj", "{A6E78FB8-D9AA-497A-8680-7AF74AE4D52E}"
EndProject
Project("{9A19103F-16F7-4668-BE54-9A1E7A4F7556}") = "learn", "week02\learn\learn.csproj", "{BDC6A938-FB5E-4CB3-BDC5-2DE69F3C6596}"
EndProject
Project("{9A19103F-16F7-4668-BE54-9A1E7A4F7556}") = "teach", "week02\teach\teach.csproj", "{2A3D85E3-8757-4446-AB84-9C22C6F0EC6C}"
EndProject
Project("{2150E333-8FDC-42A3-9474-1A3956D46DE8}") = "week03", "week03", "{D73A0544-C510-46CF-B643-BF4DB713B9CC}"
EndProject
Project("{9A19103F-16F7-4668-BE54-9A1E7A4F7556}") = "code", "week03\code\code.csproj", "{FF847C74-B2A9-4A10-9623-B5A994A8AAE9}"
EndProject
Project("{9A19103F-16F7-4668-BE54-9A1E7A4F7556}") = "learn", "week03\learn\learn.csproj", "{EDE9B529-44AA-4743-8785-2944142A6A90}"
EndProject
Project("{9A19103F-16F7-4668-BE54-9A1E7A4F7556}") = "teach", "week03\teach\teach.csproj", "{DF619C73-668B-4E6F-BF9C-C16904D054A4}"
EndProject
Project("{2150E333-8FDC-42A3-9474-1A3956D46DE8}") = "week04", "week04", "{F3F8F35C-8D2B-4BA0-9FB7-43D0CC24F862}"
EndProject
Project("{9A19103F-16F7-4668-BE54-9A1E7A4F7556}") = "code", "week04\code\code.csproj", "{00A294BF-6C65-4A25-8F41-29FCFFB5C12E}"
EndProject
Project("{2150E333-8FDC-42A3-9474-1A3956D46DE8}") = "week05", "week05", "{63A1D812-3BD2-41C7-97B0-CA15538BFAA9}"
EndProject
Project("{9A19103F-16F7-4668-BE54-9A1E7A4F7556}") = "code", "week05\code\code.csproj", "{31916E1E-55CE-4F06-9792-C854694F6B27}"
EndProject
Project("{2150E333-8FDC-42A3-9474-1A3956D46DE8}") = "week06", "week06", "{AC247AA7-B2B7-475D-9C6D-07669BB3AD00}"
EndProject
Project("{9A19103F-16F7-4668-BE54-9A1E7A4F7556}") = "code", "week06\code\code.csproj", "{7A993DF1-D08C-4A04-B888-8A1284BF6543}"
EndProject
Global
	GlobalSection(SolutionConfigurationPlatforms) = preSolution
		Debug|Any CPU = Debug|Any CPU
		Release|Any CPU = Release|Any CPU
	EndGlobalSection
	GlobalSection(ProjectConfigurationPlatforms) = postSolution
		{C0572A86-18CE-464B-8087-5FA92A5B9AD8}.Debug|Any CPU.ActiveCfg = Debug|Any CPU
		{C0572A86-18CE-464B-8087-5FA92A5B9AD8}.Debug|Any CPU.Build.0 = Debug|Any CPU
		{C0572A86-18CE-464B-8087-5FA92A5B9AD8}.Release|Any CPU.ActiveCfg = Release|Any CPU
		{C0572A86-18CE-464B-8087-5FA92A5B9AD8}.Release|Any CPU.Build.0 = Release|Any CPU
		{30F20E2C-2C01-48FC-BFB4-F456356DA5C0}.Debug|Any CPU.ActiveCfg = Debug|Any CPU
		{30F20E2C-2C01-48FC-BFB4-F456356DA5C0}.Debug|Any CPU.Build.0 = Debug|Any CPU
		{30F20E2C-2C01-48FC-BFB4-F456356DA5C0}.Release|Any CPU.ActiveCfg = Release|Any CPU
		{30F20E2C-2C01-48FC-BFB4-F456356DA5C0}.Release|Any CPU.Build.0 = Release|Any CPU
		{69FF29CC-4804-44AB-AA71-2D7597FF8BC4}.Debug|Any CPU.ActiveCfg = Debug|Any CPU
		{69FF29CC-4804-44AB-AA71-2D7597FF8BC4}.Debug|Any CPU.Build.0 = Debug|Any CPU
		{69FF29CC-4804-44AB-AA71-2D7597FF8BC4}.Release|Any CPU.ActiveCfg = Release|Any CPU
		{69FF29CC-4804-44AB-AA71-2D7597FF8BC4}.Release|Any CPU.Build.0 = Release|Any CPU
		{22F5C81E-87D0-470E-8201-605AC6E526A8}.Debug|Any CPU.ActiveCfg = Debug|Any CPU
		{22F5C81E-87D0-470E-8201-605AC6E526A8}.Debug|Any CPU.Build.0 = Debug|Any CPU
		{22F5C81E-87D0-470E-8201-605AC6E526A8}.Release|Any CPU.ActiveCfg = Release|Any CPU
		{22F5C81E-87D0-470E-8201-605AC6E526A8}.Release|Any CPU.Build.0 = Release|Any CPU
		{5E35DE19-0CB2-4473-AEB2-2247B65B2B8E}.Debug|Any CPU.ActiveCfg = Debug|Any CPU
		{5E35DE19-0CB2-4473-AEB2-2247B65B2B8E}.Debug|Any CPU.Build.0 = Debug|Any CPU
		{5E35DE19-0CB2-4473-AEB2-2247B65B2B8E}.Release|Any CPU.ActiveCfg = Release|Any CPU
		{5E35DE19-0CB2-4473-AEB2-2247B65B2B8E}.Release|Any CPU.Build.0 = Release|Any CPU
		{A6E78FB8-D9AA-497A-8680-7AF74AE4D52E}.Debug|Any CPU.ActiveCfg = Debug|Any CPU
		{A6E78FB8-D9AA-497A-8680-7AF74AE4D52E}.Debug|Any CPU.Build.0 = Debug|Any CPU
		{A6E78FB8-D9AA-497A-8680-7AF74AE4D52E}.Release|Any CPU.ActiveCfg = Release|Any CPU
		{A6E78FB8-D9AA-497A-8680-7AF74AE4D52E}.Release|Any CPU.Build.0 = Release|Any CPU
		{BDC6A938-FB5E-4CB3-BDC5-2DE69F3C6596}.Debug|Any CPU.ActiveCfg = Debug|Any CPU
		{BDC6A938-FB5E-4CB3-BDC5-2DE69F3C6596}.Debug|Any CPU.Build.0 = Debug|Any CPU
		{BDC6A938-FB5E-4CB3-BDC5-2DE69F3C6596}.Release|Any CPU.ActiveCfg = Release|Any CPU
		{BDC6A938-FB5E-4CB3-BDC5-2DE69F3C6596}.Release|Any CPU.Build.0 = Release|Any CPU
		{2A3D85E3-8757-4446-AB84-9C22C6F0EC6C}.Debug|Any CPU.ActiveCfg = Debug|Any CPU
		{2A3D85E3-8757-4446-AB84-9C22C6F0EC6C}.Debug|Any CPU.Build.0 = Debug|Any CPU
		{2A3D85E3-8757-4446-AB84-9C22C6F0EC6C}.Release|Any CPU.ActiveCfg = Release|Any CPU
		{2A3D85E3-8757-4446-AB84-9C22C6F0EC6C}.Release|Any CPU.Build.0 = Release|Any CPU
		{FF847C74-B2A9-4A10-9623-B5A994A8AAE9}.Debug|Any CPU.ActiveCfg = Debug|Any CPU
		{FF847C74-B2A9-4A10-9623-B5A994A8AAE9}.Debug|Any CPU.Build.0 = Debug|Any CPU
		{FF847C74-B2A9-4A10-9623-B5A994A8AAE9}.Release|Any CPU.ActiveCfg = Release|Any CPU
		{FF847C74-B2A9-4A10-9623-B5A994A8AAE9}.Release|Any CPU.Build.0 = Release|Any CPU
		{EDE9B529-44AA-4743-8785-2944142A6A90}.Debug|Any CPU.ActiveCfg = Debug|Any CPU
		{EDE9B529-44AA-4743-8785-2944142A6A90}.Debug|Any CPU.Build.0 = Debug|Any CPU
		{EDE9B529-44AA-4743-8785-2944142A6A90}.Release|Any CPU.ActiveCfg = Release|Any CPU
		{EDE9B529-44AA-4743-8785-2944142A6A90}.Release|Any CPU.Build.0 = Release|Any CPU
		{DF619C73-668B-4E6F-BF9C-C16904D054A4}.Debug|Any CPU.ActiveCfg = Debug|Any CPU
		{DF619C73-668B-4E6F-BF9C-C16904D054A4}.Debug|Any CPU.Build.0 = Debug|Any CPU
		{DF619C73-668B-4E6F-BF9C-C16904D054A4}.Release|Any CPU.ActiveCfg = Release|Any CPU
		{DF619C73-668B-4E6F-BF9C-C16904D054A4}.Release|Any CPU.Build.0 = Release|Any CPU
		{00A294BF-6C65-4A25-8F41-29FCFFB5C12E}.Debug|Any CPU.ActiveCfg = Debug|Any CPU
		{00A294BF-6C65-4A25-8F41-29FCFFB5C12E}.Debug|Any CPU.Build.0 = Debug|Any CPU
		{00A294BF-6C65-4A25-8F41-29FCFFB5C12E}.Release|Any CPU.ActiveCfg = Release|Any CPU
		{00A294BF-6C65-4A25-8F41-29FCFFB5C12E}.Release|Any CPU.Build.0 = Release|Any CPU
		{31916E1E-55CE-4F06-9792-C854694F6B27}.Debug|Any CPU.ActiveCfg = Debug|Any CPU
		{31916E1E-55CE-4F06-9792-C854694F6B27}.Debug|Any CPU.Build.0 = Debug|Any CPU
		{31916E1E-55CE-4F06-9792-C854694F6B27}.Release|Any CPU.ActiveCfg = Release|Any CPU
		{31916E1E-55CE-4F06-9792-C854694F6B27}.Release|Any CPU.Build.0 = Release|Any CPU
		{7A993DF1-D08C-4A04-B888-8A1284BF6543}.Debug|Any CPU.ActiveCfg = Debug|Any CPU
		{7A993DF1-D08C-4A04-B888-8A1284BF6543}.Debug|Any CPU.Build.0 = Debug|Any CPU
		{7A993DF1-D08C-4A04-B888-8A1284BF6543}.Release|Any CPU.ActiveCfg = Release|Any CPU
		{7A993DF1-D08C-4A04-B888-8A1284BF6543}.Release|Any CPU.Build.0 = Release|Any CPU
	EndGlobalSection
	GlobalSection(SolutionProperties) = preSolution
		HideSolutionNode = FALSE
	EndGlobalSection
	GlobalSection(NestedProjects) = preSolution
		{C0572A86-18CE-464B-8087-5FA92A5B9AD8} = {4252EB8F-193D-4656-9A1C-4F26E9F370FE}
		{30F20E2C-2C01-48FC-BFB4-F456356DA5C0} = {AF685A06-687D-4530-AED6-8AC892D3305B}
		{69FF29CC-4804-44AB-AA71-2D7597FF8BC4} = {AF685A06-687D-4530-AED6-8AC892D3305B}
		{22F5C81E-87D0-470E-8201-605AC6E526A8} = {AF685A06-687D-4530-AED6-8AC892D3305B}
		{5E35DE19-0CB2-4473-AEB2-2247B65B2B8E} = {1F33289B-77E7-4EBF-BCC2-849BCEF1AE12}
		{A6E78FB8-D9AA-497A-8680-7AF74AE4D52E} = {1F33289B-77E7-4EBF-BCC2-849BCEF1AE12}
		{BDC6A938-FB5E-4CB3-BDC5-2DE69F3C6596} = {1F33289B-77E7-4EBF-BCC2-849BCEF1AE12}
		{2A3D85E3-8757-4446-AB84-9C22C6F0EC6C} = {1F33289B-77E7-4EBF-BCC2-849BCEF1AE12}
		{FF847C74-B2A9-4A10-9623-B5A994A8AAE9} = {D73A0544-C510-46CF-B643-BF4DB713B9CC}
		{EDE9B529-44AA-4743-8785-2944142A6A90} = {D73A0544-C510-46CF-B643-BF4DB713B9CC}
		{DF619C73-668B-4E6F-BF9C-C16904D054A4} = {D73A0544-C510-46CF-B643-BF4DB713B9CC}
		{00A294BF-6C65-4A25-8F41-29FCFFB5C12E} = {F3F8F35C-8D2B-4BA0-9FB7-43D0CC24F862}
		{31916E1E-55CE-4F06-9792-C854694F6B27} = {63A1D812-3BD2-41C7-97B0-CA15538BFAA9}
		{7A993DF1-D08C-4A04-B888-8A1284BF6543} = {AC247AA7-B2B7-475D-9C6D-07669BB3AD00}
	EndGlobalSection
	GlobalSection(ExtensibilityGlobals) = postSolution
		SolutionGuid = {AEDCAC4E-CADD-420B-B02F-9914C33BAB1C}
	EndGlobalSection
EndGlobal
